<?xml version="1.0" encoding="utf-8"?>
<Project ToolsVersion="4.0" xmlns="http://schemas.microsoft.com/developer/msbuild/2003">
  <ItemGroup>
    <Filter Include="LogApi">
      <UniqueIdentifier>{a80634f4-7ea8-43d9-bd93-194fd324f8f4}</UniqueIdentifier>
    </Filter>
    <Filter Include="MetaMod">
      <UniqueIdentifier>{d20aa8b5-b1bc-4795-8120-07248aed589a}</UniqueIdentifier>
    </Filter>
    <Filter Include="MetaMod\Precompiled">
      <UniqueIdentifier>{21087362-0ac7-405f-a796-1b32a8ff8297}</UniqueIdentifier>
    </Filter>
    <Filter Include="LogApi\LogApi">
      <UniqueIdentifier>{99090436-7369-4fa3-a7c2-94b0b1cca306}</UniqueIdentifier>
    </Filter>
    <Filter Include="MetaMod\MetaDLL">
      <UniqueIdentifier>{96d4c2a9-3ee8-42d3-a250-a82a1d5e8eda}</UniqueIdentifier>
    </Filter>
    <Filter Include="MetaMod\MetaEngine">
      <UniqueIdentifier>{6194b99d-17a4-457b-b13c-e6d37dea1ad5}</UniqueIdentifier>
    </Filter>
    <Filter Include="ReAPI">
      <UniqueIdentifier>{a3b6208b-d507-4c1a-b399-916d95724ca3}</UniqueIdentifier>
    </Filter>
    <Filter Include="ReGameDLL">
      <UniqueIdentifier>{3a2f7dd5-133f-41d5-b627-5e16bbe5f958}</UniqueIdentifier>
    </Filter>
    <Filter Include="LogApi\LogUtil">
      <UniqueIdentifier>{bd46ab73-7f20-42f2-aeb5-545d699ae5a1}</UniqueIdentifier>
    </Filter>
    <Filter Include="LogApi\LogCurl">
      <UniqueIdentifier>{10caecb4-40a3-4359-9ff4-4e1fb64bd81e}</UniqueIdentifier>
    </Filter>
    <Filter Include="LogApi\LogEvent">
      <UniqueIdentifier>{32801517-1749-4a74-81ec-4f9de62e08ca}</UniqueIdentifier>
    </Filter>
    <Filter Include="LogApi\LogCommand">
      <UniqueIdentifier>{d50e8ce2-2124-4d0b-9222-e7a61271eb9f}</UniqueIdentifier>
    </Filter>
  </ItemGroup>
  <ItemGroup>
    <ClCompile Include="precompiled.cpp">
      <Filter>MetaMod\Precompiled</Filter>
    </ClCompile>
    <ClCompile Include="LogApi.cpp">
      <Filter>LogApi\LogApi</Filter>
    </ClCompile>
    <ClCompile Include="MetaMod.cpp">
      <Filter>MetaMod</Filter>
    </ClCompile>
    <ClCompile Include="MetaDLL.cpp">
      <Filter>MetaMod\MetaDLL</Filter>
    </ClCompile>
    <ClCompile Include="MetaEngine.cpp">
      <Filter>MetaMod\MetaEngine</Filter>
    </ClCompile>
    <ClCompile Include="ReAPI.cpp">
      <Filter>ReAPI</Filter>
    </ClCompile>
    <ClCompile Include="ReGameDLL.cpp">
      <Filter>ReGameDLL</Filter>
    </ClCompile>
    <ClCompile Include="LogUtil.cpp">
      <Filter>LogApi\LogUtil</Filter>
    </ClCompile>
    <ClCompile Include="LogCurl.cpp">
      <Filter>LogApi\LogCurl</Filter>
    </ClCompile>
    <ClCompile Include="LogEvent.cpp">
      <Filter>LogApi\LogEvent</Filter>
    </ClCompile>
    <ClCompile Include="LogCommand.cpp">
      <Filter>LogApi\LogCommand</Filter>
    </ClCompile>
  </ItemGroup>
  <ItemGroup>
    <ClInclude Include="precompiled.h">
      <Filter>MetaMod\Precompiled</Filter>
    </ClInclude>
    <ClInclude Include="LogApi.h">
      <Filter>LogApi\LogApi</Filter>
    </ClInclude>
    <ClInclude Include="MetaMod.h">
      <Filter>MetaMod</Filter>
    </ClInclude>
    <ClInclude Include="MetaDLL.h">
      <Filter>MetaMod\MetaDLL</Filter>
    </ClInclude>
    <ClInclude Include="MetaEngine.h">
      <Filter>MetaMod\MetaEngine</Filter>
    </ClInclude>
    <ClInclude Include="ReAPI.h">
      <Filter>ReAPI</Filter>
    </ClInclude>
    <ClInclude Include="ReGameDLL.h">
      <Filter>ReGameDLL</Filter>
    </ClInclude>
    <ClInclude Include="LogUtil.h">
      <Filter>LogApi\LogUtil</Filter>
    </ClInclude>
    <ClInclude Include="LogCurl.h">
      <Filter>LogApi\LogCurl</Filter>
    </ClInclude>
    <ClInclude Include="LogEvent.h">
      <Filter>LogApi\LogEvent</Filter>
    </ClInclude>
    <ClInclude Include="LogCommand.h">
      <Filter>LogApi\LogCommand</Filter>
    </ClInclude>
  </ItemGroup>
  <ItemGroup>
    <None Include="LogApi.def">
      <Filter>LogApi</Filter>
    </None>
  </ItemGroup>
</Project>